
Microsoft Visual Studio Solution File, Format Version 12.00
# Visual Studio Version 17
VisualStudioVersion = 17.0.32014.148
MinimumVisualStudioVersion = 10.0.40219.1
Project("{FAE04EC0-301F-11D3-BF4B-00C04F79EFBC}") = "LunarClientStealer", "LunarClientStealer.csproj", "{51060FA1-8B8C-4A30-B909-768A91DC3E47}"
EndProject
Global
	GlobalSection(SolutionConfigurationPlatforms) = preSolution
		Debug|Any CPU = Debug|Any CPU
		Release|Any CPU = Release|Any CPU
	EndGlobalSection
	GlobalSection(ProjectConfigurationPlatforms) = postSolution
		{51060FA1-8B8C-4A30-B909-768A91DC3E47}.Debug|Any CPU.ActiveCfg = Debug|Any CPU
		{51060FA1-8B8C-4A30-B909-768A91DC3E47}.Debug|Any CPU.Build.0 = Debug|Any CPU
		{51060FA1-8B8C-4A30-B909-768A91DC3E47}.Release|Any CPU.ActiveCfg = Release|Any CPU
		{51060FA1-8B8C-4A30-B909-768A91DC3E47}.Release|Any CPU.Build.0 = Release|Any CPU
	EndGlobalSection
	GlobalSection(SolutionProperties) = preSolution
		HideSolutionNode = FALSE
	EndGlobalSection
	GlobalSection(ExtensibilityGlobals) = postSolution
		SolutionGuid = {EB43A016-543F-4AC7-B4D3-A3C3F8BFA2FF}
	EndGlobalSection
EndGlobal
